
Microsoft Visual Studio Solution File, Format Version 12.00
# Visual Studio Version 16
VisualStudioVersion = 16.0.31321.278
MinimumVisualStudioVersion = 10.0.40219.1
Project("{9A19103F-16F7-4668-BE54-9A1E7A4F7556}") = "Highly_Divisible_Triangular_Number", "Highly_Divisible_Triangular_Number.csproj", "{F3B7E3EC-16F0-4160-823F-7DB64EAD85C8}"
EndProject
Global
	GlobalSection(SolutionConfigurationPlatforms) = preSolution
		Debug|Any CPU = Debug|Any CPU
		Release|Any CPU = Release|Any CPU
	EndGlobalSection
	GlobalSection(ProjectConfigurationPlatforms) = postSolution
		{F3B7E3EC-16F0-4160-823F-7DB64EAD85C8}.Debug|Any CPU.ActiveCfg = Debug|Any CPU
		{F3B7E3EC-16F0-4160-823F-7DB64EAD85C8}.Debug|Any CPU.Build.0 = Debug|Any CPU
		{F3B7E3EC-16F0-4160-823F-7DB64EAD85C8}.Release|Any CPU.ActiveCfg = Release|Any CPU
		{F3B7E3EC-16F0-4160-823F-7DB64EAD85C8}.Release|Any CPU.Build.0 = Release|Any CPU
	EndGlobalSection
	GlobalSection(SolutionProperties) = preSolution
		HideSolutionNode = FALSE
	EndGlobalSection
	GlobalSection(ExtensibilityGlobals) = postSolution
		SolutionGuid = {D9690C76-5B90-49EA-B727-BFE0EFD8DE7A}
	EndGlobalSection
EndGlobal
