
Microsoft Visual Studio Solution File, Format Version 12.00
# Visual Studio Version 16
VisualStudioVersion = 16.0.31321.278
MinimumVisualStudioVersion = 10.0.40219.1
Project("{9A19103F-16F7-4668-BE54-9A1E7A4F7556}") = "Largest_Product_In_A_Grid", "Largest_Product_In_A_Grid.csproj", "{7CCD3907-4124-4495-BB7A-685C5EA8DEC3}"
EndProject
Global
	GlobalSection(SolutionConfigurationPlatforms) = preSolution
		Debug|Any CPU = Debug|Any CPU
		Release|Any CPU = Release|Any CPU
	EndGlobalSection
	GlobalSection(ProjectConfigurationPlatforms) = postSolution
		{7CCD3907-4124-4495-BB7A-685C5EA8DEC3}.Debug|Any CPU.ActiveCfg = Debug|Any CPU
		{7CCD3907-4124-4495-BB7A-685C5EA8DEC3}.Debug|Any CPU.Build.0 = Debug|Any CPU
		{7CCD3907-4124-4495-BB7A-685C5EA8DEC3}.Release|Any CPU.ActiveCfg = Release|Any CPU
		{7CCD3907-4124-4495-BB7A-685C5EA8DEC3}.Release|Any CPU.Build.0 = Release|Any CPU
	EndGlobalSection
	GlobalSection(SolutionProperties) = preSolution
		HideSolutionNode = FALSE
	EndGlobalSection
	GlobalSection(ExtensibilityGlobals) = postSolution
		SolutionGuid = {08A388C0-80E8-4F82-B6C7-5E744C128FDE}
	EndGlobalSection
EndGlobal
