
Microsoft Visual Studio Solution File, Format Version 12.00
# Visual Studio Version 16
VisualStudioVersion = 16.0.31320.298
MinimumVisualStudioVersion = 10.0.40219.1
Project("{9A19103F-16F7-4668-BE54-9A1E7A4F7556}") = "SpecialPythagorenTriplet", "SpecialPythagorenTriplet.csproj", "{0D961BAC-BF71-45BF-A492-9A5DB5D7DFE2}"
EndProject
Global
	GlobalSection(SolutionConfigurationPlatforms) = preSolution
		Debug|Any CPU = Debug|Any CPU
		Release|Any CPU = Release|Any CPU
	EndGlobalSection
	GlobalSection(ProjectConfigurationPlatforms) = postSolution
		{0D961BAC-BF71-45BF-A492-9A5DB5D7DFE2}.Debug|Any CPU.ActiveCfg = Debug|Any CPU
		{0D961BAC-BF71-45BF-A492-9A5DB5D7DFE2}.Debug|Any CPU.Build.0 = Debug|Any CPU
		{0D961BAC-BF71-45BF-A492-9A5DB5D7DFE2}.Release|Any CPU.ActiveCfg = Release|Any CPU
		{0D961BAC-BF71-45BF-A492-9A5DB5D7DFE2}.Release|Any CPU.Build.0 = Release|Any CPU
	EndGlobalSection
	GlobalSection(SolutionProperties) = preSolution
		HideSolutionNode = FALSE
	EndGlobalSection
	GlobalSection(ExtensibilityGlobals) = postSolution
		SolutionGuid = {021ECBA3-03CA-4380-9E29-098F66DAC66D}
	EndGlobalSection
EndGlobal
